// !$*UTF8*$!
{
	archiveVersion = 1;
	classes = {
	};
	objectVersion = 56;
	objects = {

/* Begin PBXBuildFile section */
		B307C0A92AAB6264009641A0 /* SubjectRow.swift in Sources */ = {isa = PBXBuildFile; fileRef = B307C0A82AAB6264009641A0 /* SubjectRow.swift */; };
		B307C0AD2AAB730E009641A0 /* MainView.swift in Sources */ = {isa = PBXBuildFile; fileRef = B307C0AC2AAB730E009641A0 /* MainView.swift */; };
		B307C0B02AAB736B009641A0 /* HomeScreenView.swift in Sources */ = {isa = PBXBuildFile; fileRef = B307C0AF2AAB736B009641A0 /* HomeScreenView.swift */; };
		B307C0B62AAB7562009641A0 /* ExploreView.swift in Sources */ = {isa = PBXBuildFile; fileRef = B307C0B52AAB7562009641A0 /* ExploreView.swift */; };
		B345D8A92AA9B7F200DFF0BD /* SubjectView.swift in Sources */ = {isa = PBXBuildFile; fileRef = B345D8A82AA9B7F200DFF0BD /* SubjectView.swift */; };
		B345D8AD2AA9B92F00DFF0BD /* SubjectCard.swift in Sources */ = {isa = PBXBuildFile; fileRef = B345D8AC2AA9B92F00DFF0BD /* SubjectCard.swift */; };
		B345D8AF2AA9BA0800DFF0BD /* Level.swift in Sources */ = {isa = PBXBuildFile; fileRef = B345D8AE2AA9BA0800DFF0BD /* Level.swift */; };
		B345D8B32AA9CB7F00DFF0BD /* JSON.json in Resources */ = {isa = PBXBuildFile; fileRef = B345D8B22AA9CB7F00DFF0BD /* JSON.json */; };
		B345D8B52AA9CE3100DFF0BD /* DataService.swift in Sources */ = {isa = PBXBuildFile; fileRef = B345D8B42AA9CE3100DFF0BD /* DataService.swift */; };
		B345D8B72AA9D50200DFF0BD /* Subject.swift in Sources */ = {isa = PBXBuildFile; fileRef = B345D8B62AA9D50200DFF0BD /* Subject.swift */; };
		B345D8B92AAA327000DFF0BD /* DetailView.swift in Sources */ = {isa = PBXBuildFile; fileRef = B345D8B82AAA327000DFF0BD /* DetailView.swift */; };
		B35F6C762AA8CCC700BD7243 /* SoMoApp.swift in Sources */ = {isa = PBXBuildFile; fileRef = B35F6C752AA8CCC700BD7243 /* SoMoApp.swift */; };
		B35F6C782AA8CCC700BD7243 /* LevelView.swift in Sources */ = {isa = PBXBuildFile; fileRef = B35F6C772AA8CCC700BD7243 /* LevelView.swift */; };
		B35F6C7A2AA8CCC900BD7243 /* Assets.xcassets in Resources */ = {isa = PBXBuildFile; fileRef = B35F6C792AA8CCC900BD7243 /* Assets.xcassets */; };
		B35F6C7D2AA8CCC900BD7243 /* Preview Assets.xcassets in Resources */ = {isa = PBXBuildFile; fileRef = B35F6C7C2AA8CCC900BD7243 /* Preview Assets.xcassets */; };
		B35F6C892AA8D01C00BD7243 /* ContentModel.swift in Sources */ = {isa = PBXBuildFile; fileRef = B35F6C882AA8D01C00BD7243 /* ContentModel.swift */; };
		B363AF822AACE3A600F77EF4 /* Selection0.swift in Sources */ = {isa = PBXBuildFile; fileRef = B363AF812AACE3A600F77EF4 /* Selection0.swift */; };
		B363AF842AACE3B000F77EF4 /* Selection1.swift in Sources */ = {isa = PBXBuildFile; fileRef = B363AF832AACE3B000F77EF4 /* Selection1.swift */; };
		B363AF8A2AACF11F00F77EF4 /* RectangleCard.swift in Sources */ = {isa = PBXBuildFile; fileRef = B363AF892AACF11F00F77EF4 /* RectangleCard.swift */; };
		B363AF8C2AADC1EF00F77EF4 /* Models.swift in Sources */ = {isa = PBXBuildFile; fileRef = B363AF8B2AADC1EF00F77EF4 /* Models.swift */; };
		B36EF8DE2AAE318C00DD73A3 /* CustomHomeView.swift in Sources */ = {isa = PBXBuildFile; fileRef = B36EF8DD2AAE318C00DD73A3 /* CustomHomeView.swift */; };
		B36EF8E02AAE31A500DD73A3 /* EducationLevelView.swift in Sources */ = {isa = PBXBuildFile; fileRef = B36EF8DF2AAE31A500DD73A3 /* EducationLevelView.swift */; };
/* End PBXBuildFile section */

/* Begin PBXFileReference section */
		B307C0A82AAB6264009641A0 /* SubjectRow.swift */ = {isa = PBXFileReference; lastKnownFileType = sourcecode.swift; path = SubjectRow.swift; sourceTree = "<group>"; };
		B307C0AC2AAB730E009641A0 /* MainView.swift */ = {isa = PBXFileReference; lastKnownFileType = sourcecode.swift; path = MainView.swift; sourceTree = "<group>"; };
		B307C0AF2AAB736B009641A0 /* HomeScreenView.swift */ = {isa = PBXFileReference; lastKnownFileType = sourcecode.swift; path = HomeScreenView.swift; sourceTree = "<group>"; };
		B307C0B52AAB7562009641A0 /* ExploreView.swift */ = {isa = PBXFileReference; lastKnownFileType = sourcecode.swift; path = ExploreView.swift; sourceTree = "<group>"; };
		B345D8A82AA9B7F200DFF0BD /* SubjectView.swift */ = {isa = PBXFileReference; lastKnownFileType = sourcecode.swift; path = SubjectView.swift; sourceTree = "<group>"; };
		B345D8AC2AA9B92F00DFF0BD /* SubjectCard.swift */ = {isa = PBXFileReference; lastKnownFileType = sourcecode.swift; path = SubjectCard.swift; sourceTree = "<group>"; };
		B345D8AE2AA9BA0800DFF0BD /* Level.swift */ = {isa = PBXFileReference; lastKnownFileType = sourcecode.swift; path = Level.swift; sourceTree = "<group>"; };
		B345D8B22AA9CB7F00DFF0BD /* JSON.json */ = {isa = PBXFileReference; fileEncoding = 4; lastKnownFileType = text.json; path = JSON.json; sourceTree = SOURCE_ROOT; };
		B345D8B42AA9CE3100DFF0BD /* DataService.swift */ = {isa = PBXFileReference; lastKnownFileType = sourcecode.swift; path = DataService.swift; sourceTree = "<group>"; };
		B345D8B62AA9D50200DFF0BD /* Subject.swift */ = {isa = PBXFileReference; lastKnownFileType = sourcecode.swift; path = Subject.swift; sourceTree = "<group>"; };
		B345D8B82AAA327000DFF0BD /* DetailView.swift */ = {isa = PBXFileReference; lastKnownFileType = sourcecode.swift; path = DetailView.swift; sourceTree = "<group>"; };
		B35F6C722AA8CCC700BD7243 /* SoMo.app */ = {isa = PBXFileReference; explicitFileType = wrapper.application; includeInIndex = 0; path = SoMo.app; sourceTree = BUILT_PRODUCTS_DIR; };
		B35F6C752AA8CCC700BD7243 /* SoMoApp.swift */ = {isa = PBXFileReference; lastKnownFileType = sourcecode.swift; path = SoMoApp.swift; sourceTree = "<group>"; };
		B35F6C772AA8CCC700BD7243 /* LevelView.swift */ = {isa = PBXFileReference; lastKnownFileType = sourcecode.swift; path = LevelView.swift; sourceTree = "<group>"; };
		B35F6C792AA8CCC900BD7243 /* Assets.xcassets */ = {isa = PBXFileReference; lastKnownFileType = folder.assetcatalog; path = Assets.xcassets; sourceTree = "<group>"; };
		B35F6C7C2AA8CCC900BD7243 /* Preview Assets.xcassets */ = {isa = PBXFileReference; lastKnownFileType = folder.assetcatalog; path = "Preview Assets.xcassets"; sourceTree = "<group>"; };
		B35F6C882AA8D01C00BD7243 /* ContentModel.swift */ = {isa = PBXFileReference; lastKnownFileType = sourcecode.swift; path = ContentModel.swift; sourceTree = "<group>"; };
		B363AF812AACE3A600F77EF4 /* Selection0.swift */ = {isa = PBXFileReference; lastKnownFileType = sourcecode.swift; path = Selection0.swift; sourceTree = "<group>"; };
		B363AF832AACE3B000F77EF4 /* Selection1.swift */ = {isa = PBXFileReference; lastKnownFileType = sourcecode.swift; path = Selection1.swift; sourceTree = "<group>"; };
		B363AF892AACF11F00F77EF4 /* RectangleCard.swift */ = {isa = PBXFileReference; lastKnownFileType = sourcecode.swift; path = RectangleCard.swift; sourceTree = "<group>"; };
		B363AF8B2AADC1EF00F77EF4 /* Models.swift */ = {isa = PBXFileReference; lastKnownFileType = sourcecode.swift; path = Models.swift; sourceTree = "<group>"; };
		B36EF8DD2AAE318C00DD73A3 /* CustomHomeView.swift */ = {isa = PBXFileReference; lastKnownFileType = sourcecode.swift; path = CustomHomeView.swift; sourceTree = "<group>"; };
		B36EF8DF2AAE31A500DD73A3 /* EducationLevelView.swift */ = {isa = PBXFileReference; lastKnownFileType = sourcecode.swift; path = EducationLevelView.swift; sourceTree = "<group>"; };
/* End PBXFileReference section */

/* Begin PBXFrameworksBuildPhase section */
		B35F6C6F2AA8CCC700BD7243 /* Frameworks */ = {
			isa = PBXFrameworksBuildPhase;
			buildActionMask = 2147483647;
			files = (
			);
			runOnlyForDeploymentPostprocessing = 0;
		};
/* End PBXFrameworksBuildPhase section */

/* Begin PBXGroup section */
		B307C0AA2AAB72C4009641A0 /* ExploreView */ = {
			isa = PBXGroup;
			children = (
				B35F6C832AA8CDE000BD7243 /* Views */,
				B35F6C842AA8CE1700BD7243 /* ViewModels */,
				B35F6C852AA8CE2F00BD7243 /* Models */,
			);
			path = ExploreView;
			sourceTree = "<group>";
		};
		B307C0AB2AAB72EF009641A0 /* TabView */ = {
			isa = PBXGroup;
			children = (
				B307C0AC2AAB730E009641A0 /* MainView.swift */,
				B307C0AE2AAB7345009641A0 /* PreviewContent */,
			);
			path = TabView;
			sourceTree = "<group>";
		};
		B307C0AE2AAB7345009641A0 /* PreviewContent */ = {
			isa = PBXGroup;
			children = (
				B307C0AF2AAB736B009641A0 /* HomeScreenView.swift */,
				B307C0B52AAB7562009641A0 /* ExploreView.swift */,
			);
			path = PreviewContent;
			sourceTree = "<group>";
		};
		B35F6C692AA8CCC700BD7243 = {
			isa = PBXGroup;
			children = (
				B35F6C742AA8CCC700BD7243 /* SoMo */,
				B35F6C732AA8CCC700BD7243 /* Products */,
			);
			sourceTree = "<group>";
		};
		B35F6C732AA8CCC700BD7243 /* Products */ = {
			isa = PBXGroup;
			children = (
				B35F6C722AA8CCC700BD7243 /* SoMo.app */,
			);
			name = Products;
			sourceTree = "<group>";
		};
		B35F6C742AA8CCC700BD7243 /* SoMo */ = {
			isa = PBXGroup;
			children = (
				B35F6C752AA8CCC700BD7243 /* SoMoApp.swift */,
				B35F6C882AA8D01C00BD7243 /* ContentModel.swift */,
				B307C0AB2AAB72EF009641A0 /* TabView */,
				B363AF802AACE34F00F77EF4 /* LaunchView */,
				B35F6C862AA8CE3A00BD7243 /* Resources */,
				B307C0AA2AAB72C4009641A0 /* ExploreView */,
				B35F6C872AA8CE4600BD7243 /* Helpers */,
				B35F6C792AA8CCC900BD7243 /* Assets.xcassets */,
				B35F6C7B2AA8CCC900BD7243 /* Preview Content */,
			);
			path = SoMo;
			sourceTree = "<group>";
		};
		B35F6C7B2AA8CCC900BD7243 /* Preview Content */ = {
			isa = PBXGroup;
			children = (
				B35F6C7C2AA8CCC900BD7243 /* Preview Assets.xcassets */,
			);
			path = "Preview Content";
			sourceTree = "<group>";
		};
		B35F6C832AA8CDE000BD7243 /* Views */ = {
			isa = PBXGroup;
			children = (
				B35F6C772AA8CCC700BD7243 /* LevelView.swift */,
				B345D8A82AA9B7F200DFF0BD /* SubjectView.swift */,
				B345D8B82AAA327000DFF0BD /* DetailView.swift */,
			);
			path = Views;
			sourceTree = "<group>";
		};
		B35F6C842AA8CE1700BD7243 /* ViewModels */ = {
			isa = PBXGroup;
			children = (
			);
			path = ViewModels;
			sourceTree = "<group>";
		};
		B35F6C852AA8CE2F00BD7243 /* Models */ = {
			isa = PBXGroup;
			children = (
				B345D8AE2AA9BA0800DFF0BD /* Level.swift */,
				B345D8B62AA9D50200DFF0BD /* Subject.swift */,
				B345D8AC2AA9B92F00DFF0BD /* SubjectCard.swift */,
				B307C0A82AAB6264009641A0 /* SubjectRow.swift */,
				B363AF8B2AADC1EF00F77EF4 /* Models.swift */,
			);
			path = Models;
			sourceTree = "<group>";
		};
		B35F6C862AA8CE3A00BD7243 /* Resources */ = {
			isa = PBXGroup;
			children = (
				B345D8B22AA9CB7F00DFF0BD /* JSON.json */,
				B345D8B42AA9CE3100DFF0BD /* DataService.swift */,
			);
			path = Resources;
			sourceTree = "<group>";
		};
		B35F6C872AA8CE4600BD7243 /* Helpers */ = {
			isa = PBXGroup;
			children = (
			);
			path = Helpers;
			sourceTree = "<group>";
		};
		B363AF802AACE34F00F77EF4 /* LaunchView */ = {
			isa = PBXGroup;
			children = (
				B363AF812AACE3A600F77EF4 /* Selection0.swift */,
				B363AF832AACE3B000F77EF4 /* Selection1.swift */,
				B36EF8DF2AAE31A500DD73A3 /* EducationLevelView.swift */,
				B36EF8DD2AAE318C00DD73A3 /* CustomHomeView.swift */,
				B363AF892AACF11F00F77EF4 /* RectangleCard.swift */,
			);
			path = LaunchView;
			sourceTree = "<group>";
		};
/* End PBXGroup section */

/* Begin PBXNativeTarget section */
		B35F6C712AA8CCC700BD7243 /* SoMo */ = {
			isa = PBXNativeTarget;
			buildConfigurationList = B35F6C802AA8CCC900BD7243 /* Build configuration list for PBXNativeTarget "SoMo" */;
			buildPhases = (
				B35F6C6E2AA8CCC700BD7243 /* Sources */,
				B35F6C6F2AA8CCC700BD7243 /* Frameworks */,
				B35F6C702AA8CCC700BD7243 /* Resources */,
			);
			buildRules = (
			);
			dependencies = (
			);
			name = SoMo;
			productName = SoMo;
			productReference = B35F6C722AA8CCC700BD7243 /* SoMo.app */;
			productType = "com.apple.product-type.application";
		};
/* End PBXNativeTarget section */

/* Begin PBXProject section */
		B35F6C6A2AA8CCC700BD7243 /* Project object */ = {
			isa = PBXProject;
			attributes = {
				BuildIndependentTargetsInParallel = 1;
				LastSwiftUpdateCheck = 1430;
				LastUpgradeCheck = 1430;
				TargetAttributes = {
					B35F6C712AA8CCC700BD7243 = {
						CreatedOnToolsVersion = 14.3.1;
					};
				};
			};
			buildConfigurationList = B35F6C6D2AA8CCC700BD7243 /* Build configuration list for PBXProject "SoMo" */;
			compatibilityVersion = "Xcode 14.0";
			developmentRegion = en;
			hasScannedForEncodings = 0;
			knownRegions = (
				en,
				Base,
			);
			mainGroup = B35F6C692AA8CCC700BD7243;
			productRefGroup = B35F6C732AA8CCC700BD7243 /* Products */;
			projectDirPath = "";
			projectRoot = "";
			targets = (
				B35F6C712AA8CCC700BD7243 /* SoMo */,
			);
		};
/* End PBXProject section */

/* Begin PBXResourcesBuildPhase section */
		B35F6C702AA8CCC700BD7243 /* Resources */ = {
			isa = PBXResourcesBuildPhase;
			buildActionMask = 2147483647;
			files = (
				B35F6C7D2AA8CCC900BD7243 /* Preview Assets.xcassets in Resources */,
				B35F6C7A2AA8CCC900BD7243 /* Assets.xcassets in Resources */,
				B345D8B32AA9CB7F00DFF0BD /* JSON.json in Resources */,
			);
			runOnlyForDeploymentPostprocessing = 0;
		};
/* End PBXResourcesBuildPhase section */

/* Begin PBXSourcesBuildPhase section */
		B35F6C6E2AA8CCC700BD7243 /* Sources */ = {
			isa = PBXSourcesBuildPhase;
			buildActionMask = 2147483647;
			files = (
				B345D8B72AA9D50200DFF0BD /* Subject.swift in Sources */,
				B363AF822AACE3A600F77EF4 /* Selection0.swift in Sources */,
				B307C0A92AAB6264009641A0 /* SubjectRow.swift in Sources */,
				B36EF8DE2AAE318C00DD73A3 /* CustomHomeView.swift in Sources */,
				B345D8B92AAA327000DFF0BD /* DetailView.swift in Sources */,
				B307C0B02AAB736B009641A0 /* HomeScreenView.swift in Sources */,
				B35F6C782AA8CCC700BD7243 /* LevelView.swift in Sources */,
				B345D8A92AA9B7F200DFF0BD /* SubjectView.swift in Sources */,
				B345D8AD2AA9B92F00DFF0BD /* SubjectCard.swift in Sources */,
				B363AF842AACE3B000F77EF4 /* Selection1.swift in Sources */,
				B307C0B62AAB7562009641A0 /* ExploreView.swift in Sources */,
				B35F6C762AA8CCC700BD7243 /* SoMoApp.swift in Sources */,
				B307C0AD2AAB730E009641A0 /* MainView.swift in Sources */,
				B345D8AF2AA9BA0800DFF0BD /* Level.swift in Sources */,
				B363AF8C2AADC1EF00F77EF4 /* Models.swift in Sources */,
				B363AF8A2AACF11F00F77EF4 /* RectangleCard.swift in Sources */,
				B35F6C892AA8D01C00BD7243 /* ContentModel.swift in Sources */,
				B36EF8E02AAE31A500DD73A3 /* EducationLevelView.swift in Sources */,
				B345D8B52AA9CE3100DFF0BD /* DataService.swift in Sources */,
			);
			runOnlyForDeploymentPostprocessing = 0;
		};
/* End PBXSourcesBuildPhase section */

/* Begin XCBuildConfiguration section */
		B35F6C7E2AA8CCC900BD7243 /* Debug */ = {
			isa = XCBuildConfiguration;
			buildSettings = {
				ALWAYS_SEARCH_USER_PATHS = NO;
				CLANG_ANALYZER_NONNULL = YES;
				CLANG_ANALYZER_NUMBER_OBJECT_CONVERSION = YES_AGGRESSIVE;
				CLANG_CXX_LANGUAGE_STANDARD = "gnu++20";
				CLANG_ENABLE_MODULES = YES;
				CLANG_ENABLE_OBJC_ARC = YES;
				CLANG_ENABLE_OBJC_WEAK = YES;
				CLANG_WARN_BLOCK_CAPTURE_AUTORELEASING = YES;
				CLANG_WARN_BOOL_CONVERSION = YES;
				CLANG_WARN_COMMA = YES;
				CLANG_WARN_CONSTANT_CONVERSION = YES;
				CLANG_WARN_DEPRECATED_OBJC_IMPLEMENTATIONS = YES;
				CLANG_WARN_DIRECT_OBJC_ISA_USAGE = YES_ERROR;
				CLANG_WARN_DOCUMENTATION_COMMENTS = YES;
				CLANG_WARN_EMPTY_BODY = YES;
				CLANG_WARN_ENUM_CONVERSION = YES;
				CLANG_WARN_INFINITE_RECURSION = YES;
				CLANG_WARN_INT_CONVERSION = YES;
				CLANG_WARN_NON_LITERAL_NULL_CONVERSION = YES;
				CLANG_WARN_OBJC_IMPLICIT_RETAIN_SELF = YES;
				CLANG_WARN_OBJC_LITERAL_CONVERSION = YES;
				CLANG_WARN_OBJC_ROOT_CLASS = YES_ERROR;
				CLANG_WARN_QUOTED_INCLUDE_IN_FRAMEWORK_HEADER = YES;
				CLANG_WARN_RANGE_LOOP_ANALYSIS = YES;
				CLANG_WARN_STRICT_PROTOTYPES = YES;
				CLANG_WARN_SUSPICIOUS_MOVE = YES;
				CLANG_WARN_UNGUARDED_AVAILABILITY = YES_AGGRESSIVE;
				CLANG_WARN_UNREACHABLE_CODE = YES;
				CLANG_WARN__DUPLICATE_METHOD_MATCH = YES;
				COPY_PHASE_STRIP = NO;
				DEBUG_INFORMATION_FORMAT = dwarf;
				ENABLE_STRICT_OBJC_MSGSEND = YES;
				ENABLE_TESTABILITY = YES;
				GCC_C_LANGUAGE_STANDARD = gnu11;
				GCC_DYNAMIC_NO_PIC = NO;
				GCC_NO_COMMON_BLOCKS = YES;
				GCC_OPTIMIZATION_LEVEL = 0;
				GCC_PREPROCESSOR_DEFINITIONS = (
					"DEBUG=1",
					"$(inherited)",
				);
				GCC_WARN_64_TO_32_BIT_CONVERSION = YES;
				GCC_WARN_ABOUT_RETURN_TYPE = YES_ERROR;
				GCC_WARN_UNDECLARED_SELECTOR = YES;
				GCC_WARN_UNINITIALIZED_AUTOS = YES_AGGRESSIVE;
				GCC_WARN_UNUSED_FUNCTION = YES;
				GCC_WARN_UNUSED_VARIABLE = YES;
				IPHONEOS_DEPLOYMENT_TARGET = 16.4;
				MTL_ENABLE_DEBUG_INFO = INCLUDE_SOURCE;
				MTL_FAST_MATH = YES;
				ONLY_ACTIVE_ARCH = YES;
				SDKROOT = iphoneos;
				SWIFT_ACTIVE_COMPILATION_CONDITIONS = DEBUG;
				SWIFT_OPTIMIZATION_LEVEL = "-Onone";
			};
			name = Debug;
		};
		B35F6C7F2AA8CCC900BD7243 /* Release */ = {
			isa = XCBuildConfiguration;
			buildSettings = {
				ALWAYS_SEARCH_USER_PATHS = NO;
				CLANG_ANALYZER_NONNULL = YES;
				CLANG_ANALYZER_NUMBER_OBJECT_CONVERSION = YES_AGGRESSIVE;
				CLANG_CXX_LANGUAGE_STANDARD = "gnu++20";
				CLANG_ENABLE_MODULES = YES;
				CLANG_ENABLE_OBJC_ARC = YES;
				CLANG_ENABLE_OBJC_WEAK = YES;
				CLANG_WARN_BLOCK_CAPTURE_AUTORELEASING = YES;
				CLANG_WARN_BOOL_CONVERSION = YES;
				CLANG_WARN_COMMA = YES;
				CLANG_WARN_CONSTANT_CONVERSION = YES;
				CLANG_WARN_DEPRECATED_OBJC_IMPLEMENTATIONS = YES;
				CLANG_WARN_DIRECT_OBJC_ISA_USAGE = YES_ERROR;
				CLANG_WARN_DOCUMENTATION_COMMENTS = YES;
				CLANG_WARN_EMPTY_BODY = YES;
				CLANG_WARN_ENUM_CONVERSION = YES;
				CLANG_WARN_INFINITE_RECURSION = YES;
				CLANG_WARN_INT_CONVERSION = YES;
				CLANG_WARN_NON_LITERAL_NULL_CONVERSION = YES;
				CLANG_WARN_OBJC_IMPLICIT_RETAIN_SELF = YES;
				CLANG_WARN_OBJC_LITERAL_CONVERSION = YES;
				CLANG_WARN_OBJC_ROOT_CLASS = YES_ERROR;
				CLANG_WARN_QUOTED_INCLUDE_IN_FRAMEWORK_HEADER = YES;
				CLANG_WARN_RANGE_LOOP_ANALYSIS = YES;
				CLANG_WARN_STRICT_PROTOTYPES = YES;
				CLANG_WARN_SUSPICIOUS_MOVE = YES;
				CLANG_WARN_UNGUARDED_AVAILABILITY = YES_AGGRESSIVE;
				CLANG_WARN_UNREACHABLE_CODE = YES;
				CLANG_WARN__DUPLICATE_METHOD_MATCH = YES;
				COPY_PHASE_STRIP = NO;
				DEBUG_INFORMATION_FORMAT = "dwarf-with-dsym";
				ENABLE_NS_ASSERTIONS = NO;
				ENABLE_STRICT_OBJC_MSGSEND = YES;
				GCC_C_LANGUAGE_STANDARD = gnu11;
				GCC_NO_COMMON_BLOCKS = YES;
				GCC_WARN_64_TO_32_BIT_CONVERSION = YES;
				GCC_WARN_ABOUT_RETURN_TYPE = YES_ERROR;
				GCC_WARN_UNDECLARED_SELECTOR = YES;
				GCC_WARN_UNINITIALIZED_AUTOS = YES_AGGRESSIVE;
				GCC_WARN_UNUSED_FUNCTION = YES;
				GCC_WARN_UNUSED_VARIABLE = YES;
				IPHONEOS_DEPLOYMENT_TARGET = 16.4;
				MTL_ENABLE_DEBUG_INFO = NO;
				MTL_FAST_MATH = YES;
				SDKROOT = iphoneos;
				SWIFT_COMPILATION_MODE = wholemodule;
				SWIFT_OPTIMIZATION_LEVEL = "-O";
				VALIDATE_PRODUCT = YES;
			};
			name = Release;
		};
		B35F6C812AA8CCC900BD7243 /* Debug */ = {
			isa = XCBuildConfiguration;
			buildSettings = {
				ASSETCATALOG_COMPILER_APPICON_NAME = AppIcon;
				ASSETCATALOG_COMPILER_GLOBAL_ACCENT_COLOR_NAME = AccentColor;
				CODE_SIGN_STYLE = Automatic;
				CURRENT_PROJECT_VERSION = 1;
				DEVELOPMENT_ASSET_PATHS = "\"SoMo/Preview Content\"";
				DEVELOPMENT_TEAM = 3Z85W78C3A;
				ENABLE_PREVIEWS = YES;
				GENERATE_INFOPLIST_FILE = YES;
				INFOPLIST_KEY_UIApplicationSceneManifest_Generation = YES;
				INFOPLIST_KEY_UIApplicationSupportsIndirectInputEvents = YES;
				INFOPLIST_KEY_UILaunchScreen_Generation = YES;
				INFOPLIST_KEY_UISupportedInterfaceOrientations_iPad = "UIInterfaceOrientationPortrait UIInterfaceOrientationPortraitUpsideDown UIInterfaceOrientationLandscapeLeft UIInterfaceOrientationLandscapeRight";
				INFOPLIST_KEY_UISupportedInterfaceOrientations_iPhone = "UIInterfaceOrientationPortrait UIInterfaceOrientationLandscapeLeft UIInterfaceOrientationLandscapeRight";
				LD_RUNPATH_SEARCH_PATHS = (
					"$(inherited)",
					"@executable_path/Frameworks",
				);
				MARKETING_VERSION = 1.0;
				PRODUCT_BUNDLE_IDENTIFIER = com.SocioRise.SoMo;
				PRODUCT_NAME = "$(TARGET_NAME)";
				SWIFT_EMIT_LOC_STRINGS = YES;
				SWIFT_VERSION = 5.0;
				TARGETED_DEVICE_FAMILY = "1,2";
			};
			name = Debug;
		};
		B35F6C822AA8CCC900BD7243 /* Release */ = {
			isa = XCBuildConfiguration;
			buildSettings = {
				ASSETCATALOG_COMPILER_APPICON_NAME = AppIcon;
				ASSETCATALOG_COMPILER_GLOBAL_ACCENT_COLOR_NAME = AccentColor;
				CODE_SIGN_STYLE = Automatic;
				CURRENT_PROJECT_VERSION = 1;
				DEVELOPMENT_ASSET_PATHS = "\"SoMo/Preview Content\"";
				DEVELOPMENT_TEAM = 3Z85W78C3A;
				ENABLE_PREVIEWS = YES;
				GENERATE_INFOPLIST_FILE = YES;
				INFOPLIST_KEY_UIApplicationSceneManifest_Generation = YES;
				INFOPLIST_KEY_UIApplicationSupportsIndirectInputEvents = YES;
				INFOPLIST_KEY_UILaunchScreen_Generation = YES;
				INFOPLIST_KEY_UISupportedInterfaceOrientations_iPad = "UIInterfaceOrientationPortrait UIInterfaceOrientationPortraitUpsideDown UIInterfaceOrientationLandscapeLeft UIInterfaceOrientationLandscapeRight";
				INFOPLIST_KEY_UISupportedInterfaceOrientations_iPhone = "UIInterfaceOrientationPortrait UIInterfaceOrientationLandscapeLeft UIInterfaceOrientationLandscapeRight";
				LD_RUNPATH_SEARCH_PATHS = (
					"$(inherited)",
					"@executable_path/Frameworks",
				);
				MARKETING_VERSION = 1.0;
				PRODUCT_BUNDLE_IDENTIFIER = com.SocioRise.SoMo;
				PRODUCT_NAME = "$(TARGET_NAME)";
				SWIFT_EMIT_LOC_STRINGS = YES;
				SWIFT_VERSION = 5.0;
				TARGETED_DEVICE_FAMILY = "1,2";
			};
			name = Release;
		};
/* End XCBuildConfiguration section */

/* Begin XCConfigurationList section */
		B35F6C6D2AA8CCC700BD7243 /* Build configuration list for PBXProject "SoMo" */ = {
			isa = XCConfigurationList;
			buildConfigurations = (
				B35F6C7E2AA8CCC900BD7243 /* Debug */,
				B35F6C7F2AA8CCC900BD7243 /* Release */,
			);
			defaultConfigurationIsVisible = 0;
			defaultConfigurationName = Release;
		};
		B35F6C802AA8CCC900BD7243 /* Build configuration list for PBXNativeTarget "SoMo" */ = {
			isa = XCConfigurationList;
			buildConfigurations = (
				B35F6C812AA8CCC900BD7243 /* Debug */,
				B35F6C822AA8CCC900BD7243 /* Release */,
			);
			defaultConfigurationIsVisible = 0;
			defaultConfigurationName = Release;
		};
/* End XCConfigurationList section */
	};
	rootObject = B35F6C6A2AA8CCC700BD7243 /* Project object */;
}
